
Microsoft Visual Studio Solution File, Format Version 11.00
# Visual Studio 2010
Project("{FAE04EC0-301F-11D3-BF4B-00C04F79EFBC}") = "SINJ_Atualiza_VacatioLegis", "SINJ_Atualiza_VacatioLegis\SINJ_Atualiza_VacatioLegis.csproj", "{426989CC-D634-43AD-90F7-9FD692531188}"
EndProject
Global
	GlobalSection(SolutionConfigurationPlatforms) = preSolution
		Debug|x86 = Debug|x86
		Release|x86 = Release|x86
	EndGlobalSection
	GlobalSection(ProjectConfigurationPlatforms) = postSolution
		{426989CC-D634-43AD-90F7-9FD692531188}.Debug|x86.ActiveCfg = Debug|x86
		{426989CC-D634-43AD-90F7-9FD692531188}.Debug|x86.Build.0 = Debug|x86
		{426989CC-D634-43AD-90F7-9FD692531188}.Release|x86.ActiveCfg = Release|x86
		{426989CC-D634-43AD-90F7-9FD692531188}.Release|x86.Build.0 = Release|x86
	EndGlobalSection
	GlobalSection(SolutionProperties) = preSolution
		HideSolutionNode = FALSE
	EndGlobalSection
EndGlobal
