
Microsoft Visual Studio Solution File, Format Version 10.00
# Visual Studio 2008
Project("{FAE04EC0-301F-11D3-BF4B-00C04F79EFBC}") = "Sinj.Notifica", "Sinj.Notifica\Sinj.Notifica.csproj", "{83E78575-0A29-4C5C-971C-D248318EF2EE}"
EndProject
Project("{FAE04EC0-301F-11D3-BF4B-00C04F79EFBC}") = "Sinj.Notifica.app", "Sinj.Notifica.app\Sinj.Notifica.app.csproj", "{C9328AE4-818B-4763-BCDD-53C24AE9F917}"
EndProject
Global
	GlobalSection(SolutionConfigurationPlatforms) = preSolution
		Debug|Any CPU = Debug|Any CPU
		Release|Any CPU = Release|Any CPU
	EndGlobalSection
	GlobalSection(ProjectConfigurationPlatforms) = postSolution
		{83E78575-0A29-4C5C-971C-D248318EF2EE}.Debug|Any CPU.ActiveCfg = Debug|Any CPU
		{83E78575-0A29-4C5C-971C-D248318EF2EE}.Debug|Any CPU.Build.0 = Debug|Any CPU
		{83E78575-0A29-4C5C-971C-D248318EF2EE}.Release|Any CPU.ActiveCfg = Release|Any CPU
		{83E78575-0A29-4C5C-971C-D248318EF2EE}.Release|Any CPU.Build.0 = Release|Any CPU
		{C9328AE4-818B-4763-BCDD-53C24AE9F917}.Debug|Any CPU.ActiveCfg = Debug|Any CPU
		{C9328AE4-818B-4763-BCDD-53C24AE9F917}.Debug|Any CPU.Build.0 = Debug|Any CPU
		{C9328AE4-818B-4763-BCDD-53C24AE9F917}.Release|Any CPU.ActiveCfg = Release|Any CPU
		{C9328AE4-818B-4763-BCDD-53C24AE9F917}.Release|Any CPU.Build.0 = Release|Any CPU
	EndGlobalSection
	GlobalSection(SolutionProperties) = preSolution
		HideSolutionNode = FALSE
	EndGlobalSection
EndGlobal
