
Microsoft Visual Studio Solution File, Format Version 11.00
# Visual Studio 2010
Project("{FAE04EC0-301F-11D3-BF4B-00C04F79EFBC}") = "neo.BRLightREST", "neo.BRLightREST.csproj", "{7C032FC2-D4AE-403A-94F2-A18A6C856795}"
EndProject
Global
	GlobalSection(SolutionConfigurationPlatforms) = preSolution
		Debug|Any CPU = Debug|Any CPU
		Release|Any CPU = Release|Any CPU
	EndGlobalSection
	GlobalSection(ProjectConfigurationPlatforms) = postSolution
		{7C032FC2-D4AE-403A-94F2-A18A6C856795}.Debug|Any CPU.ActiveCfg = Debug|Any CPU
		{7C032FC2-D4AE-403A-94F2-A18A6C856795}.Debug|Any CPU.Build.0 = Debug|Any CPU
		{7C032FC2-D4AE-403A-94F2-A18A6C856795}.Release|Any CPU.ActiveCfg = Release|Any CPU
		{7C032FC2-D4AE-403A-94F2-A18A6C856795}.Release|Any CPU.Build.0 = Release|Any CPU
	EndGlobalSection
	GlobalSection(SolutionProperties) = preSolution
		HideSolutionNode = FALSE
	EndGlobalSection
EndGlobal
