
Microsoft Visual Studio Solution File, Format Version 10.00
# Visual Studio 2008
Project("{FAE04EC0-301F-11D3-BF4B-00C04F79EFBC}") = "total_de_normas_usando_termo", "total_de_normas_usando_termo.csproj", "{B430F38C-C9A3-43FA-8BE5-7FD065147853}"
EndProject
Project("{FAE04EC0-301F-11D3-BF4B-00C04F79EFBC}") = "TCDF_REPORT", "..\TCDF_REPORT\TCDF_REPORT.csproj", "{575A6BF7-D4E5-4C3E-9594-D8AD772FE1D6}"
EndProject
Global
	GlobalSection(SolutionConfigurationPlatforms) = preSolution
		Debug|Any CPU = Debug|Any CPU
		Release|Any CPU = Release|Any CPU
	EndGlobalSection
	GlobalSection(ProjectConfigurationPlatforms) = postSolution
		{B430F38C-C9A3-43FA-8BE5-7FD065147853}.Debug|Any CPU.ActiveCfg = Debug|Any CPU
		{B430F38C-C9A3-43FA-8BE5-7FD065147853}.Debug|Any CPU.Build.0 = Debug|Any CPU
		{B430F38C-C9A3-43FA-8BE5-7FD065147853}.Release|Any CPU.ActiveCfg = Release|Any CPU
		{B430F38C-C9A3-43FA-8BE5-7FD065147853}.Release|Any CPU.Build.0 = Release|Any CPU
		{575A6BF7-D4E5-4C3E-9594-D8AD772FE1D6}.Debug|Any CPU.ActiveCfg = Debug|Any CPU
		{575A6BF7-D4E5-4C3E-9594-D8AD772FE1D6}.Debug|Any CPU.Build.0 = Debug|Any CPU
		{575A6BF7-D4E5-4C3E-9594-D8AD772FE1D6}.Release|Any CPU.ActiveCfg = Release|Any CPU
		{575A6BF7-D4E5-4C3E-9594-D8AD772FE1D6}.Release|Any CPU.Build.0 = Release|Any CPU
	EndGlobalSection
	GlobalSection(SolutionProperties) = preSolution
		HideSolutionNode = FALSE
	EndGlobalSection
EndGlobal
