
Microsoft Visual Studio Solution File, Format Version 10.00
# Visual Studio 2008
Project("{FAE04EC0-301F-11D3-BF4B-00C04F79EFBC}") = "SINJ.ExtratorDeTexto", "SINJ.ExtratorDeTexto\SINJ.ExtratorDeTexto.csproj", "{0EEE97D5-749F-4F40-B923-B944DAC6C287}"
EndProject
Project("{FAE04EC0-301F-11D3-BF4B-00C04F79EFBC}") = "SINJ.ExtratorDeTexto.Console", "SINJ.ExtratorDeTexto.Console\SINJ.ExtratorDeTexto.Console.csproj", "{2A8F8BCF-632D-4194-8585-EA7BEA7E126B}"
EndProject
Global
	GlobalSection(SolutionConfigurationPlatforms) = preSolution
		Debug|Any CPU = Debug|Any CPU
		Release|Any CPU = Release|Any CPU
	EndGlobalSection
	GlobalSection(ProjectConfigurationPlatforms) = postSolution
		{0EEE97D5-749F-4F40-B923-B944DAC6C287}.Debug|Any CPU.ActiveCfg = Debug|Any CPU
		{0EEE97D5-749F-4F40-B923-B944DAC6C287}.Debug|Any CPU.Build.0 = Debug|Any CPU
		{0EEE97D5-749F-4F40-B923-B944DAC6C287}.Release|Any CPU.ActiveCfg = Release|Any CPU
		{0EEE97D5-749F-4F40-B923-B944DAC6C287}.Release|Any CPU.Build.0 = Release|Any CPU
		{2A8F8BCF-632D-4194-8585-EA7BEA7E126B}.Debug|Any CPU.ActiveCfg = Debug|Any CPU
		{2A8F8BCF-632D-4194-8585-EA7BEA7E126B}.Debug|Any CPU.Build.0 = Debug|Any CPU
		{2A8F8BCF-632D-4194-8585-EA7BEA7E126B}.Release|Any CPU.ActiveCfg = Release|Any CPU
		{2A8F8BCF-632D-4194-8585-EA7BEA7E126B}.Release|Any CPU.Build.0 = Release|Any CPU
	EndGlobalSection
	GlobalSection(SolutionProperties) = preSolution
		HideSolutionNode = FALSE
	EndGlobalSection
EndGlobal
