
Microsoft Visual Studio Solution File, Format Version 11.00
# Visual Studio 2010
Project("{FAE04EC0-301F-11D3-BF4B-00C04F79EFBC}") = "TCDF.Sinj.Log", "TCDF.Sinj.Log.csproj", "{10596A80-8730-41E3-8966-7556DF297967}"
EndProject
Global
	GlobalSection(SolutionConfigurationPlatforms) = preSolution
		Debug|Any CPU = Debug|Any CPU
		Release|Any CPU = Release|Any CPU
	EndGlobalSection
	GlobalSection(ProjectConfigurationPlatforms) = postSolution
		{10596A80-8730-41E3-8966-7556DF297967}.Debug|Any CPU.ActiveCfg = Debug|Any CPU
		{10596A80-8730-41E3-8966-7556DF297967}.Debug|Any CPU.Build.0 = Debug|Any CPU
		{10596A80-8730-41E3-8966-7556DF297967}.Release|Any CPU.ActiveCfg = Release|Any CPU
		{10596A80-8730-41E3-8966-7556DF297967}.Release|Any CPU.Build.0 = Release|Any CPU
	EndGlobalSection
	GlobalSection(SolutionProperties) = preSolution
		HideSolutionNode = FALSE
	EndGlobalSection
EndGlobal
